
Microsoft Visual Studio Solution File, Format Version 12.00
# Visual Studio 15
VisualStudioVersion = 15.0.28307.136
MinimumVisualStudioVersion = 10.0.40219.1
Project("{FAE04EC0-301F-11D3-BF4B-00C04F79EFBC}") = "NetCoreMvcProject", "NetCoreMvcProject\NetCoreMvcProject.csproj", "{549221D3-5C91-490E-9012-EF91C0919B2E}"
EndProject
Global
	GlobalSection(SolutionConfigurationPlatforms) = preSolution
		Debug|Any CPU = Debug|Any CPU
		Release|Any CPU = Release|Any CPU
	EndGlobalSection
	GlobalSection(ProjectConfigurationPlatforms) = postSolution
		{549221D3-5C91-490E-9012-EF91C0919B2E}.Debug|Any CPU.ActiveCfg = Debug|Any CPU
		{549221D3-5C91-490E-9012-EF91C0919B2E}.Debug|Any CPU.Build.0 = Debug|Any CPU
		{549221D3-5C91-490E-9012-EF91C0919B2E}.Release|Any CPU.ActiveCfg = Release|Any CPU
		{549221D3-5C91-490E-9012-EF91C0919B2E}.Release|Any CPU.Build.0 = Release|Any CPU
	EndGlobalSection
	GlobalSection(SolutionProperties) = preSolution
		HideSolutionNode = FALSE
	EndGlobalSection
	GlobalSection(ExtensibilityGlobals) = postSolution
		SolutionGuid = {5D2AEAFF-E6C8-4F66-B7A2-B2EA017C18EF}
	EndGlobalSection
EndGlobal
